git.sr.ht/~geb/opt v0.0.0-20221207200434-dad26d091d71 h1:jh3Ite7R1ZvdLt6j52e4njO2SS/z5dWOLXllw7inalc=
git.sr.ht/~geb/opt v0.0.0-20221207200434-dad26d091d71/go.mod h1:S6h1g8P7DyG7i7YIHZ5IpYbC6lzZB9DYIEl8PyXOmsg=
github.com/alphacep/vosk-api/go v0.3.46-0.20230429023501-12f29a3415e4 h1:MGwc3N+btl1ayMYPbe5VyK0vifwwmgsUbDxZd9auO2Y=
github.com/alphacep/vosk-api/go v0.3.46-0.20230429023501-12f29a3415e4/go.mod h1:9X8IJsHnFk/b1xyvjlZifo+ZL5VTAx3LW+JQce/eRcA=
github.com/google/go-cmp v0.5.6 h1:BKbKCqvP6I+rmFHt06ZmyQtvB8xAkWdhFyr0ZUNZcxQ=
github.com/google/go-cmp v0.5.6/go.mod h1:v8dTdLbMG2kIc/vJvl+f65V22dbkXbowE6jgT/gNBxE=
github.com/m7shapan/njson v1.0.8 h1:5FNWjy8WhZ53Ev4ricYPtZfAv7o3/7wAKL+zhXxknvg=
github.com/m7shapan/njson v1.0.8/go.mod h1:h3P0qmwsv8+s+cE07cXuTgtyKCrBIAEUger0hA71Fy0=
github.com/mjibson/go-dsp v0.0.0-20180508042940-11479a337f12 h1:dd7vnTDfjtwCETZDrRe+GPYNLA1jBtbZeyfyE8eZCyk=
github.com/mjibson/go-dsp v0.0.0-20180508042940-11479a337f12/go.mod h1:i/KKcxEWEO8Yyl11DYafRPKOPVYTrhxiTRigjtEEXZU=
github.com/tidwall/gjson v1.12.1 h1:ikuZsLdhr8Ws0IdROXUS1Gi4v9Z4pGqpX/CvJkxvfpo=
github.com/tidwall/gjson v1.12.1/go.mod h1:/wbyibRr2FHMks5tjHJ5F8dMZh3AcwJEMf5vlfC0lxk=
github.com/tidwall/match v1.1.1 h1:+Ho715JplO36QYgwN9PGYNhgZvoUSc9X2c80KVTi+GA=
github.com/tidwall/match v1.1.1/go.mod h1:eRSPERbgtNPcGhD8UCthc6PmLEQXEWd3PRB5JTxsfmM=
github.com/tidwall/pretty v1.2.0 h1:RWIZEg2iJ8/g6fDDYzMpobmaoGh5OLl4AXtGUGPcqCs=
github.com/tidwall/pretty v1.2.0/go.mod h1:ITEVvHYasfjBbM0u2Pg8T2nJnzm8xPwvNhhsoaGGjNU=
golang.org/x/xerrors v0.0.0-20191204190536-9bdfabe68543/go.mod h1:I/5z698sn9Ka8TeJc9MKroUUfqBBauWjQqLJ2OPfmY0=
